// !$*UTF8*$!
{
	archiveVersion = 1;
	classes = {
	};
	objectVersion = 52;
	objects = {

/* Begin PBXBuildFile section */
		26883B9725FA6FC300E61B83 /* AppDelegate.swift in Sources */ = {isa = PBXBuildFile; fileRef = 26883B9625FA6FC300E61B83 /* AppDelegate.swift */; };
		26883B9925FA6FC300E61B83 /* SceneDelegate.swift in Sources */ = {isa = PBXBuildFile; fileRef = 26883B9825FA6FC300E61B83 /* SceneDelegate.swift */; };
		26883B9E25FA6FC300E61B83 /* Main.storyboard in Resources */ = {isa = PBXBuildFile; fileRef = 26883B9C25FA6FC300E61B83 /* Main.storyboard */; };
		26883BA025FA6FCB00E61B83 /* Assets.xcassets in Resources */ = {isa = PBXBuildFile; fileRef = 26883B9F25FA6FCB00E61B83 /* Assets.xcassets */; };
		26883BA325FA6FCB00E61B83 /* LaunchScreen.storyboard in Resources */ = {isa = PBXBuildFile; fileRef = 26883BA125FA6FCB00E61B83 /* LaunchScreen.storyboard */; };
		26883BAE25FA6FCB00E61B83 /* FilmFinderTests.swift in Sources */ = {isa = PBXBuildFile; fileRef = 26883BAD25FA6FCB00E61B83 /* FilmFinderTests.swift */; };
		26883BB925FA6FCB00E61B83 /* FilmFinderUITests.swift in Sources */ = {isa = PBXBuildFile; fileRef = 26883BB825FA6FCB00E61B83 /* FilmFinderUITests.swift */; };
		26883BCE25FA708C00E61B83 /* SearchController.swift in Sources */ = {isa = PBXBuildFile; fileRef = 26883BCD25FA708C00E61B83 /* SearchController.swift */; };
		26883BD925FA843C00E61B83 /* FilmTableViewController.swift in Sources */ = {isa = PBXBuildFile; fileRef = 26883BD825FA843C00E61B83 /* FilmTableViewController.swift */; };
		26883BEE25FA989C00E61B83 /* Alamofire in Frameworks */ = {isa = PBXBuildFile; productRef = 26883BED25FA989C00E61B83 /* Alamofire */; };
		26883BF325FA98C400E61B83 /* FilmAPIClient.swift in Sources */ = {isa = PBXBuildFile; fileRef = 26883BF225FA98C400E61B83 /* FilmAPIClient.swift */; };
		26883BF925FA998F00E61B83 /* Constants.swift in Sources */ = {isa = PBXBuildFile; fileRef = 26883BF825FA998F00E61B83 /* Constants.swift */; };
/* End PBXBuildFile section */

/* Begin PBXContainerItemProxy section */
		26883BAA25FA6FCB00E61B83 /* PBXContainerItemProxy */ = {
			isa = PBXContainerItemProxy;
			containerPortal = 26883B8B25FA6FC200E61B83 /* Project object */;
			proxyType = 1;
			remoteGlobalIDString = 26883B9225FA6FC300E61B83;
			remoteInfo = FilmFinder;
		};
		26883BB525FA6FCB00E61B83 /* PBXContainerItemProxy */ = {
			isa = PBXContainerItemProxy;
			containerPortal = 26883B8B25FA6FC200E61B83 /* Project object */;
			proxyType = 1;
			remoteGlobalIDString = 26883B9225FA6FC300E61B83;
			remoteInfo = FilmFinder;
		};
/* End PBXContainerItemProxy section */

/* Begin PBXFileReference section */
		26883B9325FA6FC300E61B83 /* FilmFinder.app */ = {isa = PBXFileReference; explicitFileType = wrapper.application; includeInIndex = 0; path = FilmFinder.app; sourceTree = BUILT_PRODUCTS_DIR; };
		26883B9625FA6FC300E61B83 /* AppDelegate.swift */ = {isa = PBXFileReference; lastKnownFileType = sourcecode.swift; path = AppDelegate.swift; sourceTree = "<group>"; };
		26883B9825FA6FC300E61B83 /* SceneDelegate.swift */ = {isa = PBXFileReference; lastKnownFileType = sourcecode.swift; path = SceneDelegate.swift; sourceTree = "<group>"; };
		26883B9D25FA6FC300E61B83 /* Base */ = {isa = PBXFileReference; lastKnownFileType = file.storyboard; name = Base; path = Base.lproj/Main.storyboard; sourceTree = "<group>"; };
		26883B9F25FA6FCB00E61B83 /* Assets.xcassets */ = {isa = PBXFileReference; lastKnownFileType = folder.assetcatalog; path = Assets.xcassets; sourceTree = "<group>"; };
		26883BA225FA6FCB00E61B83 /* Base */ = {isa = PBXFileReference; lastKnownFileType = file.storyboard; name = Base; path = Base.lproj/LaunchScreen.storyboard; sourceTree = "<group>"; };
		26883BA425FA6FCB00E61B83 /* Info.plist */ = {isa = PBXFileReference; lastKnownFileType = text.plist.xml; path = Info.plist; sourceTree = "<group>"; };
		26883BA925FA6FCB00E61B83 /* FilmFinderTests.xctest */ = {isa = PBXFileReference; explicitFileType = wrapper.cfbundle; includeInIndex = 0; path = FilmFinderTests.xctest; sourceTree = BUILT_PRODUCTS_DIR; };
		26883BAD25FA6FCB00E61B83 /* FilmFinderTests.swift */ = {isa = PBXFileReference; lastKnownFileType = sourcecode.swift; path = FilmFinderTests.swift; sourceTree = "<group>"; };
		26883BAF25FA6FCB00E61B83 /* Info.plist */ = {isa = PBXFileReference; lastKnownFileType = text.plist.xml; path = Info.plist; sourceTree = "<group>"; };
		26883BB425FA6FCB00E61B83 /* FilmFinderUITests.xctest */ = {isa = PBXFileReference; explicitFileType = wrapper.cfbundle; includeInIndex = 0; path = FilmFinderUITests.xctest; sourceTree = BUILT_PRODUCTS_DIR; };
		26883BB825FA6FCB00E61B83 /* FilmFinderUITests.swift */ = {isa = PBXFileReference; lastKnownFileType = sourcecode.swift; path = FilmFinderUITests.swift; sourceTree = "<group>"; };
		26883BBA25FA6FCB00E61B83 /* Info.plist */ = {isa = PBXFileReference; lastKnownFileType = text.plist.xml; path = Info.plist; sourceTree = "<group>"; };
		26883BCD25FA708C00E61B83 /* SearchController.swift */ = {isa = PBXFileReference; lastKnownFileType = sourcecode.swift; path = SearchController.swift; sourceTree = "<group>"; };
		26883BD825FA843C00E61B83 /* FilmTableViewController.swift */ = {isa = PBXFileReference; lastKnownFileType = sourcecode.swift; path = FilmTableViewController.swift; sourceTree = "<group>"; };
		26883BF225FA98C400E61B83 /* FilmAPIClient.swift */ = {isa = PBXFileReference; lastKnownFileType = sourcecode.swift; path = FilmAPIClient.swift; sourceTree = "<group>"; };
		26883BF825FA998F00E61B83 /* Constants.swift */ = {isa = PBXFileReference; lastKnownFileType = sourcecode.swift; path = Constants.swift; sourceTree = "<group>"; };
/* End PBXFileReference section */

/* Begin PBXFrameworksBuildPhase section */
		26883B9025FA6FC300E61B83 /* Frameworks */ = {
			isa = PBXFrameworksBuildPhase;
			buildActionMask = 2147483647;
			files = (
				26883BEE25FA989C00E61B83 /* Alamofire in Frameworks */,
			);
			runOnlyForDeploymentPostprocessing = 0;
		};
		26883BA625FA6FCB00E61B83 /* Frameworks */ = {
			isa = PBXFrameworksBuildPhase;
			buildActionMask = 2147483647;
			files = (
			);
			runOnlyForDeploymentPostprocessing = 0;
		};
		26883BB125FA6FCB00E61B83 /* Frameworks */ = {
			isa = PBXFrameworksBuildPhase;
			buildActionMask = 2147483647;
			files = (
			);
			runOnlyForDeploymentPostprocessing = 0;
		};
/* End PBXFrameworksBuildPhase section */

/* Begin PBXGroup section */
		26883B8A25FA6FC200E61B83 = {
			isa = PBXGroup;
			children = (
				26883B9525FA6FC300E61B83 /* FilmFinder */,
				26883BAC25FA6FCB00E61B83 /* FilmFinderTests */,
				26883BB725FA6FCB00E61B83 /* FilmFinderUITests */,
				26883B9425FA6FC300E61B83 /* Products */,
			);
			sourceTree = "<group>";
		};
		26883B9425FA6FC300E61B83 /* Products */ = {
			isa = PBXGroup;
			children = (
				26883B9325FA6FC300E61B83 /* FilmFinder.app */,
				26883BA925FA6FCB00E61B83 /* FilmFinderTests.xctest */,
				26883BB425FA6FCB00E61B83 /* FilmFinderUITests.xctest */,
			);
			name = Products;
			sourceTree = "<group>";
		};
		26883B9525FA6FC300E61B83 /* FilmFinder */ = {
			isa = PBXGroup;
			children = (
				26883BCC25FA704200E61B83 /* Controller */,
				26883BCB25FA703A00E61B83 /* View */,
				26883BC925FA701400E61B83 /* Model */,
				26883BF725FA997D00E61B83 /* Helpers */,
				26883B9625FA6FC300E61B83 /* AppDelegate.swift */,
				26883B9825FA6FC300E61B83 /* SceneDelegate.swift */,
				26883B9C25FA6FC300E61B83 /* Main.storyboard */,
				26883B9F25FA6FCB00E61B83 /* Assets.xcassets */,
				26883BA125FA6FCB00E61B83 /* LaunchScreen.storyboard */,
				26883BA425FA6FCB00E61B83 /* Info.plist */,
			);
			path = FilmFinder;
			sourceTree = "<group>";
		};
		26883BAC25FA6FCB00E61B83 /* FilmFinderTests */ = {
			isa = PBXGroup;
			children = (
				26883BAD25FA6FCB00E61B83 /* FilmFinderTests.swift */,
				26883BAF25FA6FCB00E61B83 /* Info.plist */,
			);
			path = FilmFinderTests;
			sourceTree = "<group>";
		};
		26883BB725FA6FCB00E61B83 /* FilmFinderUITests */ = {
			isa = PBXGroup;
			children = (
				26883BB825FA6FCB00E61B83 /* FilmFinderUITests.swift */,
				26883BBA25FA6FCB00E61B83 /* Info.plist */,
			);
			path = FilmFinderUITests;
			sourceTree = "<group>";
		};
		26883BC925FA701400E61B83 /* Model */ = {
			isa = PBXGroup;
			children = (
				26883BF225FA98C400E61B83 /* FilmAPIClient.swift */,
			);
			path = Model;
			sourceTree = "<group>";
		};
		26883BCB25FA703A00E61B83 /* View */ = {
			isa = PBXGroup;
			children = (
			);
			path = View;
			sourceTree = "<group>";
		};
		26883BCC25FA704200E61B83 /* Controller */ = {
			isa = PBXGroup;
			children = (
				26883BCD25FA708C00E61B83 /* SearchController.swift */,
				26883BD825FA843C00E61B83 /* FilmTableViewController.swift */,
			);
			path = Controller;
			sourceTree = "<group>";
		};
		26883BF725FA997D00E61B83 /* Helpers */ = {
			isa = PBXGroup;
			children = (
				26883BF825FA998F00E61B83 /* Constants.swift */,
			);
			path = Helpers;
			sourceTree = "<group>";
		};
/* End PBXGroup section */

/* Begin PBXNativeTarget section */
		26883B9225FA6FC300E61B83 /* FilmFinder */ = {
			isa = PBXNativeTarget;
			buildConfigurationList = 26883BBD25FA6FCB00E61B83 /* Build configuration list for PBXNativeTarget "FilmFinder" */;
			buildPhases = (
				26883B8F25FA6FC300E61B83 /* Sources */,
				26883B9025FA6FC300E61B83 /* Frameworks */,
				26883B9125FA6FC300E61B83 /* Resources */,
			);
			buildRules = (
			);
			dependencies = (
			);
			name = FilmFinder;
			packageProductDependencies = (
				26883BED25FA989C00E61B83 /* Alamofire */,
			);
			productName = FilmFinder;
			productReference = 26883B9325FA6FC300E61B83 /* FilmFinder.app */;
			productType = "com.apple.product-type.application";
		};
		26883BA825FA6FCB00E61B83 /* FilmFinderTests */ = {
			isa = PBXNativeTarget;
			buildConfigurationList = 26883BC025FA6FCB00E61B83 /* Build configuration list for PBXNativeTarget "FilmFinderTests" */;
			buildPhases = (
				26883BA525FA6FCB00E61B83 /* Sources */,
				26883BA625FA6FCB00E61B83 /* Frameworks */,
				26883BA725FA6FCB00E61B83 /* Resources */,
			);
			buildRules = (
			);
			dependencies = (
				26883BAB25FA6FCB00E61B83 /* PBXTargetDependency */,
			);
			name = FilmFinderTests;
			productName = FilmFinderTests;
			productReference = 26883BA925FA6FCB00E61B83 /* FilmFinderTests.xctest */;
			productType = "com.apple.product-type.bundle.unit-test";
		};
		26883BB325FA6FCB00E61B83 /* FilmFinderUITests */ = {
			isa = PBXNativeTarget;
			buildConfigurationList = 26883BC325FA6FCB00E61B83 /* Build configuration list for PBXNativeTarget "FilmFinderUITests" */;
			buildPhases = (
				26883BB025FA6FCB00E61B83 /* Sources */,
				26883BB125FA6FCB00E61B83 /* Frameworks */,
				26883BB225FA6FCB00E61B83 /* Resources */,
			);
			buildRules = (
			);
			dependencies = (
				26883BB625FA6FCB00E61B83 /* PBXTargetDependency */,
			);
			name = FilmFinderUITests;
			productName = FilmFinderUITests;
			productReference = 26883BB425FA6FCB00E61B83 /* FilmFinderUITests.xctest */;
			productType = "com.apple.product-type.bundle.ui-testing";
		};
/* End PBXNativeTarget section */

/* Begin PBXProject section */
		26883B8B25FA6FC200E61B83 /* Project object */ = {
			isa = PBXProject;
			attributes = {
				LastSwiftUpdateCheck = 1240;
				LastUpgradeCheck = 1240;
				TargetAttributes = {
					26883B9225FA6FC300E61B83 = {
						CreatedOnToolsVersion = 12.4;
					};
					26883BA825FA6FCB00E61B83 = {
						CreatedOnToolsVersion = 12.4;
						TestTargetID = 26883B9225FA6FC300E61B83;
					};
					26883BB325FA6FCB00E61B83 = {
						CreatedOnToolsVersion = 12.4;
						TestTargetID = 26883B9225FA6FC300E61B83;
					};
				};
			};
			buildConfigurationList = 26883B8E25FA6FC200E61B83 /* Build configuration list for PBXProject "FilmFinder" */;
			compatibilityVersion = "Xcode 9.3";
			developmentRegion = en;
			hasScannedForEncodings = 0;
			knownRegions = (
				en,
				Base,
			);
			mainGroup = 26883B8A25FA6FC200E61B83;
			packageReferences = (
				26883BEC25FA989B00E61B83 /* XCRemoteSwiftPackageReference "Alamofire" */,
			);
			productRefGroup = 26883B9425FA6FC300E61B83 /* Products */;
			projectDirPath = "";
			projectRoot = "";
			targets = (
				26883B9225FA6FC300E61B83 /* FilmFinder */,
				26883BA825FA6FCB00E61B83 /* FilmFinderTests */,
				26883BB325FA6FCB00E61B83 /* FilmFinderUITests */,
			);
		};
/* End PBXProject section */

/* Begin PBXResourcesBuildPhase section */
		26883B9125FA6FC300E61B83 /* Resources */ = {
			isa = PBXResourcesBuildPhase;
			buildActionMask = 2147483647;
			files = (
				26883BA325FA6FCB00E61B83 /* LaunchScreen.storyboard in Resources */,
				26883BA025FA6FCB00E61B83 /* Assets.xcassets in Resources */,
				26883B9E25FA6FC300E61B83 /* Main.storyboard in Resources */,
			);
			runOnlyForDeploymentPostprocessing = 0;
		};
		26883BA725FA6FCB00E61B83 /* Resources */ = {
			isa = PBXResourcesBuildPhase;
			buildActionMask = 2147483647;
			files = (
			);
			runOnlyForDeploymentPostprocessing = 0;
		};
		26883BB225FA6FCB00E61B83 /* Resources */ = {
			isa = PBXResourcesBuildPhase;
			buildActionMask = 2147483647;
			files = (
			);
			runOnlyForDeploymentPostprocessing = 0;
		};
/* End PBXResourcesBuildPhase section */

/* Begin PBXSourcesBuildPhase section */
		26883B8F25FA6FC300E61B83 /* Sources */ = {
			isa = PBXSourcesBuildPhase;
			buildActionMask = 2147483647;
			files = (
				26883B9725FA6FC300E61B83 /* AppDelegate.swift in Sources */,
				26883BF325FA98C400E61B83 /* FilmAPIClient.swift in Sources */,
				26883B9925FA6FC300E61B83 /* SceneDelegate.swift in Sources */,
				26883BCE25FA708C00E61B83 /* SearchController.swift in Sources */,
				26883BD925FA843C00E61B83 /* FilmTableViewController.swift in Sources */,
				26883BF925FA998F00E61B83 /* Constants.swift in Sources */,
			);
			runOnlyForDeploymentPostprocessing = 0;
		};
		26883BA525FA6FCB00E61B83 /* Sources */ = {
			isa = PBXSourcesBuildPhase;
			buildActionMask = 2147483647;
			files = (
				26883BAE25FA6FCB00E61B83 /* FilmFinderTests.swift in Sources */,
			);
			runOnlyForDeploymentPostprocessing = 0;
		};
		26883BB025FA6FCB00E61B83 /* Sources */ = {
			isa = PBXSourcesBuildPhase;
			buildActionMask = 2147483647;
			files = (
				26883BB925FA6FCB00E61B83 /* FilmFinderUITests.swift in Sources */,
			);
			runOnlyForDeploymentPostprocessing = 0;
		};
/* End PBXSourcesBuildPhase section */

/* Begin PBXTargetDependency section */
		26883BAB25FA6FCB00E61B83 /* PBXTargetDependency */ = {
			isa = PBXTargetDependency;
			target = 26883B9225FA6FC300E61B83 /* FilmFinder */;
			targetProxy = 26883BAA25FA6FCB00E61B83 /* PBXContainerItemProxy */;
		};
		26883BB625FA6FCB00E61B83 /* PBXTargetDependency */ = {
			isa = PBXTargetDependency;
			target = 26883B9225FA6FC300E61B83 /* FilmFinder */;
			targetProxy = 26883BB525FA6FCB00E61B83 /* PBXContainerItemProxy */;
		};
/* End PBXTargetDependency section */

/* Begin PBXVariantGroup section */
		26883B9C25FA6FC300E61B83 /* Main.storyboard */ = {
			isa = PBXVariantGroup;
			children = (
				26883B9D25FA6FC300E61B83 /* Base */,
			);
			name = Main.storyboard;
			sourceTree = "<group>";
		};
		26883BA125FA6FCB00E61B83 /* LaunchScreen.storyboard */ = {
			isa = PBXVariantGroup;
			children = (
				26883BA225FA6FCB00E61B83 /* Base */,
			);
			name = LaunchScreen.storyboard;
			sourceTree = "<group>";
		};
/* End PBXVariantGroup section */

/* Begin XCBuildConfiguration section */
		26883BBB25FA6FCB00E61B83 /* Debug */ = {
			isa = XCBuildConfiguration;
			buildSettings = {
				ALWAYS_SEARCH_USER_PATHS = NO;
				CLANG_ANALYZER_NONNULL = YES;
				CLANG_ANALYZER_NUMBER_OBJECT_CONVERSION = YES_AGGRESSIVE;
				CLANG_CXX_LANGUAGE_STANDARD = "gnu++14";
				CLANG_CXX_LIBRARY = "libc++";
				CLANG_ENABLE_MODULES = YES;
				CLANG_ENABLE_OBJC_ARC = YES;
				CLANG_ENABLE_OBJC_WEAK = YES;
				CLANG_WARN_BLOCK_CAPTURE_AUTORELEASING = YES;
				CLANG_WARN_BOOL_CONVERSION = YES;
				CLANG_WARN_COMMA = YES;
				CLANG_WARN_CONSTANT_CONVERSION = YES;
				CLANG_WARN_DEPRECATED_OBJC_IMPLEMENTATIONS = YES;
				CLANG_WARN_DIRECT_OBJC_ISA_USAGE = YES_ERROR;
				CLANG_WARN_DOCUMENTATION_COMMENTS = YES;
				CLANG_WARN_EMPTY_BODY = YES;
				CLANG_WARN_ENUM_CONVERSION = YES;
				CLANG_WARN_INFINITE_RECURSION = YES;
				CLANG_WARN_INT_CONVERSION = YES;
				CLANG_WARN_NON_LITERAL_NULL_CONVERSION = YES;
				CLANG_WARN_OBJC_IMPLICIT_RETAIN_SELF = YES;
				CLANG_WARN_OBJC_LITERAL_CONVERSION = YES;
				CLANG_WARN_OBJC_ROOT_CLASS = YES_ERROR;
				CLANG_WARN_QUOTED_INCLUDE_IN_FRAMEWORK_HEADER = YES;
				CLANG_WARN_RANGE_LOOP_ANALYSIS = YES;
				CLANG_WARN_STRICT_PROTOTYPES = YES;
				CLANG_WARN_SUSPICIOUS_MOVE = YES;
				CLANG_WARN_UNGUARDED_AVAILABILITY = YES_AGGRESSIVE;
				CLANG_WARN_UNREACHABLE_CODE = YES;
				CLANG_WARN__DUPLICATE_METHOD_MATCH = YES;
				COPY_PHASE_STRIP = NO;
				DEBUG_INFORMATION_FORMAT = dwarf;
				ENABLE_STRICT_OBJC_MSGSEND = YES;
				ENABLE_TESTABILITY = YES;
				GCC_C_LANGUAGE_STANDARD = gnu11;
				GCC_DYNAMIC_NO_PIC = NO;
				GCC_NO_COMMON_BLOCKS = YES;
				GCC_OPTIMIZATION_LEVEL = 0;
				GCC_PREPROCESSOR_DEFINITIONS = (
					"DEBUG=1",
					"$(inherited)",
				);
				GCC_WARN_64_TO_32_BIT_CONVERSION = YES;
				GCC_WARN_ABOUT_RETURN_TYPE = YES_ERROR;
				GCC_WARN_UNDECLARED_SELECTOR = YES;
				GCC_WARN_UNINITIALIZED_AUTOS = YES_AGGRESSIVE;
				GCC_WARN_UNUSED_FUNCTION = YES;
				GCC_WARN_UNUSED_VARIABLE = YES;
				IPHONEOS_DEPLOYMENT_TARGET = 14.4;
				MTL_ENABLE_DEBUG_INFO = INCLUDE_SOURCE;
				MTL_FAST_MATH = YES;
				ONLY_ACTIVE_ARCH = YES;
				SDKROOT = iphoneos;
				SWIFT_ACTIVE_COMPILATION_CONDITIONS = DEBUG;
				SWIFT_OPTIMIZATION_LEVEL = "-Onone";
			};
			name = Debug;
		};
		26883BBC25FA6FCB00E61B83 /* Release */ = {
			isa = XCBuildConfiguration;
			buildSettings = {
				ALWAYS_SEARCH_USER_PATHS = NO;
				CLANG_ANALYZER_NONNULL = YES;
				CLANG_ANALYZER_NUMBER_OBJECT_CONVERSION = YES_AGGRESSIVE;
				CLANG_CXX_LANGUAGE_STANDARD = "gnu++14";
				CLANG_CXX_LIBRARY = "libc++";
				CLANG_ENABLE_MODULES = YES;
				CLANG_ENABLE_OBJC_ARC = YES;
				CLANG_ENABLE_OBJC_WEAK = YES;
				CLANG_WARN_BLOCK_CAPTURE_AUTORELEASING = YES;
				CLANG_WARN_BOOL_CONVERSION = YES;
				CLANG_WARN_COMMA = YES;
				CLANG_WARN_CONSTANT_CONVERSION = YES;
				CLANG_WARN_DEPRECATED_OBJC_IMPLEMENTATIONS = YES;
				CLANG_WARN_DIRECT_OBJC_ISA_USAGE = YES_ERROR;
				CLANG_WARN_DOCUMENTATION_COMMENTS = YES;
				CLANG_WARN_EMPTY_BODY = YES;
				CLANG_WARN_ENUM_CONVERSION = YES;
				CLANG_WARN_INFINITE_RECURSION = YES;
				CLANG_WARN_INT_CONVERSION = YES;
				CLANG_WARN_NON_LITERAL_NULL_CONVERSION = YES;
				CLANG_WARN_OBJC_IMPLICIT_RETAIN_SELF = YES;
				CLANG_WARN_OBJC_LITERAL_CONVERSION = YES;
				CLANG_WARN_OBJC_ROOT_CLASS = YES_ERROR;
				CLANG_WARN_QUOTED_INCLUDE_IN_FRAMEWORK_HEADER = YES;
				CLANG_WARN_RANGE_LOOP_ANALYSIS = YES;
				CLANG_WARN_STRICT_PROTOTYPES = YES;
				CLANG_WARN_SUSPICIOUS_MOVE = YES;
				CLANG_WARN_UNGUARDED_AVAILABILITY = YES_AGGRESSIVE;
				CLANG_WARN_UNREACHABLE_CODE = YES;
				CLANG_WARN__DUPLICATE_METHOD_MATCH = YES;
				COPY_PHASE_STRIP = NO;
				DEBUG_INFORMATION_FORMAT = "dwarf-with-dsym";
				ENABLE_NS_ASSERTIONS = NO;
				ENABLE_STRICT_OBJC_MSGSEND = YES;
				GCC_C_LANGUAGE_STANDARD = gnu11;
				GCC_NO_COMMON_BLOCKS = YES;
				GCC_WARN_64_TO_32_BIT_CONVERSION = YES;
				GCC_WARN_ABOUT_RETURN_TYPE = YES_ERROR;
				GCC_WARN_UNDECLARED_SELECTOR = YES;
				GCC_WARN_UNINITIALIZED_AUTOS = YES_AGGRESSIVE;
				GCC_WARN_UNUSED_FUNCTION = YES;
				GCC_WARN_UNUSED_VARIABLE = YES;
				IPHONEOS_DEPLOYMENT_TARGET = 14.4;
				MTL_ENABLE_DEBUG_INFO = NO;
				MTL_FAST_MATH = YES;
				SDKROOT = iphoneos;
				SWIFT_COMPILATION_MODE = wholemodule;
				SWIFT_OPTIMIZATION_LEVEL = "-O";
				VALIDATE_PRODUCT = YES;
			};
			name = Release;
		};
		26883BBE25FA6FCB00E61B83 /* Debug */ = {
			isa = XCBuildConfiguration;
			buildSettings = {
				ASSETCATALOG_COMPILER_APPICON_NAME = AppIcon;
				ASSETCATALOG_COMPILER_GLOBAL_ACCENT_COLOR_NAME = AccentColor;
				CODE_SIGN_STYLE = Automatic;
				DEVELOPMENT_TEAM = 5K94769W9X;
				INFOPLIST_FILE = FilmFinder/Info.plist;
				LD_RUNPATH_SEARCH_PATHS = (
					"$(inherited)",
					"@executable_path/Frameworks",
				);
				PRODUCT_BUNDLE_IDENTIFIER = com.sixtysticks.FilmFinder;
				PRODUCT_NAME = "$(TARGET_NAME)";
				SWIFT_VERSION = 5.0;
				TARGETED_DEVICE_FAMILY = "1,2";
			};
			name = Debug;
		};
		26883BBF25FA6FCB00E61B83 /* Release */ = {
			isa = XCBuildConfiguration;
			buildSettings = {
				ASSETCATALOG_COMPILER_APPICON_NAME = AppIcon;
				ASSETCATALOG_COMPILER_GLOBAL_ACCENT_COLOR_NAME = AccentColor;
				CODE_SIGN_STYLE = Automatic;
				DEVELOPMENT_TEAM = 5K94769W9X;
				INFOPLIST_FILE = FilmFinder/Info.plist;
				LD_RUNPATH_SEARCH_PATHS = (
					"$(inherited)",
					"@executable_path/Frameworks",
				);
				PRODUCT_BUNDLE_IDENTIFIER = com.sixtysticks.FilmFinder;
				PRODUCT_NAME = "$(TARGET_NAME)";
				SWIFT_VERSION = 5.0;
				TARGETED_DEVICE_FAMILY = "1,2";
			};
			name = Release;
		};
		26883BC125FA6FCB00E61B83 /* Debug */ = {
			isa = XCBuildConfiguration;
			buildSettings = {
				ALWAYS_EMBED_SWIFT_STANDARD_LIBRARIES = YES;
				BUNDLE_LOADER = "$(TEST_HOST)";
				CODE_SIGN_STYLE = Automatic;
				DEVELOPMENT_TEAM = 5K94769W9X;
				INFOPLIST_FILE = FilmFinderTests/Info.plist;
				IPHONEOS_DEPLOYMENT_TARGET = 14.4;
				LD_RUNPATH_SEARCH_PATHS = (
					"$(inherited)",
					"@executable_path/Frameworks",
					"@loader_path/Frameworks",
				);
				PRODUCT_BUNDLE_IDENTIFIER = com.sixtysticks.FilmFinderTests;
				PRODUCT_NAME = "$(TARGET_NAME)";
				SWIFT_VERSION = 5.0;
				TARGETED_DEVICE_FAMILY = "1,2";
				TEST_HOST = "$(BUILT_PRODUCTS_DIR)/FilmFinder.app/FilmFinder";
			};
			name = Debug;
		};
		26883BC225FA6FCB00E61B83 /* Release */ = {
			isa = XCBuildConfiguration;
			buildSettings = {
				ALWAYS_EMBED_SWIFT_STANDARD_LIBRARIES = YES;
				BUNDLE_LOADER = "$(TEST_HOST)";
				CODE_SIGN_STYLE = Automatic;
				DEVELOPMENT_TEAM = 5K94769W9X;
				INFOPLIST_FILE = FilmFinderTests/Info.plist;
				IPHONEOS_DEPLOYMENT_TARGET = 14.4;
				LD_RUNPATH_SEARCH_PATHS = (
					"$(inherited)",
					"@executable_path/Frameworks",
					"@loader_path/Frameworks",
				);
				PRODUCT_BUNDLE_IDENTIFIER = com.sixtysticks.FilmFinderTests;
				PRODUCT_NAME = "$(TARGET_NAME)";
				SWIFT_VERSION = 5.0;
				TARGETED_DEVICE_FAMILY = "1,2";
				TEST_HOST = "$(BUILT_PRODUCTS_DIR)/FilmFinder.app/FilmFinder";
			};
			name = Release;
		};
		26883BC425FA6FCB00E61B83 /* Debug */ = {
			isa = XCBuildConfiguration;
			buildSettings = {
				ALWAYS_EMBED_SWIFT_STANDARD_LIBRARIES = YES;
				CODE_SIGN_STYLE = Automatic;
				DEVELOPMENT_TEAM = 5K94769W9X;
				INFOPLIST_FILE = FilmFinderUITests/Info.plist;
				LD_RUNPATH_SEARCH_PATHS = (
					"$(inherited)",
					"@executable_path/Frameworks",
					"@loader_path/Frameworks",
				);
				PRODUCT_BUNDLE_IDENTIFIER = com.sixtysticks.FilmFinderUITests;
				PRODUCT_NAME = "$(TARGET_NAME)";
				SWIFT_VERSION = 5.0;
				TARGETED_DEVICE_FAMILY = "1,2";
				TEST_TARGET_NAME = FilmFinder;
			};
			name = Debug;
		};
		26883BC525FA6FCB00E61B83 /* Release */ = {
			isa = XCBuildConfiguration;
			buildSettings = {
				ALWAYS_EMBED_SWIFT_STANDARD_LIBRARIES = YES;
				CODE_SIGN_STYLE = Automatic;
				DEVELOPMENT_TEAM = 5K94769W9X;
				INFOPLIST_FILE = FilmFinderUITests/Info.plist;
				LD_RUNPATH_SEARCH_PATHS = (
					"$(inherited)",
					"@executable_path/Frameworks",
					"@loader_path/Frameworks",
				);
				PRODUCT_BUNDLE_IDENTIFIER = com.sixtysticks.FilmFinderUITests;
				PRODUCT_NAME = "$(TARGET_NAME)";
				SWIFT_VERSION = 5.0;
				TARGETED_DEVICE_FAMILY = "1,2";
				TEST_TARGET_NAME = FilmFinder;
			};
			name = Release;
		};
/* End XCBuildConfiguration section */

/* Begin XCConfigurationList section */
		26883B8E25FA6FC200E61B83 /* Build configuration list for PBXProject "FilmFinder" */ = {
			isa = XCConfigurationList;
			buildConfigurations = (
				26883BBB25FA6FCB00E61B83 /* Debug */,
				26883BBC25FA6FCB00E61B83 /* Release */,
			);
			defaultConfigurationIsVisible = 0;
			defaultConfigurationName = Release;
		};
		26883BBD25FA6FCB00E61B83 /* Build configuration list for PBXNativeTarget "FilmFinder" */ = {
			isa = XCConfigurationList;
			buildConfigurations = (
				26883BBE25FA6FCB00E61B83 /* Debug */,
				26883BBF25FA6FCB00E61B83 /* Release */,
			);
			defaultConfigurationIsVisible = 0;
			defaultConfigurationName = Release;
		};
		26883BC025FA6FCB00E61B83 /* Build configuration list for PBXNativeTarget "FilmFinderTests" */ = {
			isa = XCConfigurationList;
			buildConfigurations = (
				26883BC125FA6FCB00E61B83 /* Debug */,
				26883BC225FA6FCB00E61B83 /* Release */,
			);
			defaultConfigurationIsVisible = 0;
			defaultConfigurationName = Release;
		};
		26883BC325FA6FCB00E61B83 /* Build configuration list for PBXNativeTarget "FilmFinderUITests" */ = {
			isa = XCConfigurationList;
			buildConfigurations = (
				26883BC425FA6FCB00E61B83 /* Debug */,
				26883BC525FA6FCB00E61B83 /* Release */,
			);
			defaultConfigurationIsVisible = 0;
			defaultConfigurationName = Release;
		};
/* End XCConfigurationList section */

/* Begin XCRemoteSwiftPackageReference section */
		26883BEC25FA989B00E61B83 /* XCRemoteSwiftPackageReference "Alamofire" */ = {
			isa = XCRemoteSwiftPackageReference;
			repositoryURL = "https://github.com/Alamofire/Alamofire.git";
			requirement = {
				kind = upToNextMajorVersion;
				minimumVersion = 5.4.1;
			};
		};
/* End XCRemoteSwiftPackageReference section */

/* Begin XCSwiftPackageProductDependency section */
		26883BED25FA989C00E61B83 /* Alamofire */ = {
			isa = XCSwiftPackageProductDependency;
			package = 26883BEC25FA989B00E61B83 /* XCRemoteSwiftPackageReference "Alamofire" */;
			productName = Alamofire;
		};
/* End XCSwiftPackageProductDependency section */
	};
	rootObject = 26883B8B25FA6FC200E61B83 /* Project object */;
}
